// !$*UTF8*$!
{
	archiveVersion = 1;
	classes = {
	};
	objectVersion = 48;
	objects = {

/* Begin PBXBuildFile section */
		047BAF0121CDF2C500EAE1F7 /* AppDelegate.swift in Sources */ = {isa = PBXBuildFile; fileRef = 047BAF0021CDF2C500EAE1F7 /* AppDelegate.swift */; };
		047BAF0321CDF2C500EAE1F7 /* ViewController.swift in Sources */ = {isa = PBXBuildFile; fileRef = 047BAF0221CDF2C500EAE1F7 /* ViewController.swift */; };
		047BAF0621CDF2C500EAE1F7 /* Main.storyboard in Resources */ = {isa = PBXBuildFile; fileRef = 047BAF0421CDF2C500EAE1F7 /* Main.storyboard */; };
		047BAF0B21CDF2C600EAE1F7 /* Assets.xcassets in Resources */ = {isa = PBXBuildFile; fileRef = 047BAF0A21CDF2C600EAE1F7 /* Assets.xcassets */; };
		047BAF0E21CDF2C600EAE1F7 /* LaunchScreen.storyboard in Resources */ = {isa = PBXBuildFile; fileRef = 047BAF0C21CDF2C600EAE1F7 /* LaunchScreen.storyboard */; };
		047BAF1C21CE74E200EAE1F7 /* UserTableViewCell.swift in Sources */ = {isa = PBXBuildFile; fileRef = 047BAF1A21CE74E200EAE1F7 /* UserTableViewCell.swift */; };
		047BAF1D21CE74E200EAE1F7 /* UserTableViewCell.xib in Resources */ = {isa = PBXBuildFile; fileRef = 047BAF1B21CE74E200EAE1F7 /* UserTableViewCell.xib */; };
		047BAF2021CE7DCB00EAE1F7 /* RoundButton.swift in Sources */ = {isa = PBXBuildFile; fileRef = 047BAF1F21CE7DCB00EAE1F7 /* RoundButton.swift */; };
		047BAF2221CE7F8E00EAE1F7 /* ViewExtension.swift in Sources */ = {isa = PBXBuildFile; fileRef = 047BAF2121CE7F8E00EAE1F7 /* ViewExtension.swift */; };
		047BAF2521CF4AB100EAE1F7 /* DoodleCoreData.xcdatamodeld in Sources */ = {isa = PBXBuildFile; fileRef = 047BAF2321CF4A5800EAE1F7 /* DoodleCoreData.xcdatamodeld */; };
/* End PBXBuildFile section */

/* Begin PBXFileReference section */
		047BAEFD21CDF2C500EAE1F7 /* DoodleCoreData.app */ = {isa = PBXFileReference; explicitFileType = wrapper.application; includeInIndex = 0; path = DoodleCoreData.app; sourceTree = BUILT_PRODUCTS_DIR; };
		047BAF0021CDF2C500EAE1F7 /* AppDelegate.swift */ = {isa = PBXFileReference; lastKnownFileType = sourcecode.swift; path = AppDelegate.swift; sourceTree = "<group>"; };
		047BAF0221CDF2C500EAE1F7 /* ViewController.swift */ = {isa = PBXFileReference; lastKnownFileType = sourcecode.swift; path = ViewController.swift; sourceTree = "<group>"; };
		047BAF0521CDF2C500EAE1F7 /* Base */ = {isa = PBXFileReference; lastKnownFileType = file.storyboard; name = Base; path = Base.lproj/Main.storyboard; sourceTree = "<group>"; };
		047BAF0A21CDF2C600EAE1F7 /* Assets.xcassets */ = {isa = PBXFileReference; lastKnownFileType = folder.assetcatalog; path = Assets.xcassets; sourceTree = "<group>"; };
		047BAF0D21CDF2C600EAE1F7 /* Base */ = {isa = PBXFileReference; lastKnownFileType = file.storyboard; name = Base; path = Base.lproj/LaunchScreen.storyboard; sourceTree = "<group>"; };
		047BAF0F21CDF2C600EAE1F7 /* Info.plist */ = {isa = PBXFileReference; lastKnownFileType = text.plist.xml; path = Info.plist; sourceTree = "<group>"; };
		047BAF1A21CE74E200EAE1F7 /* UserTableViewCell.swift */ = {isa = PBXFileReference; lastKnownFileType = sourcecode.swift; path = UserTableViewCell.swift; sourceTree = "<group>"; };
		047BAF1B21CE74E200EAE1F7 /* UserTableViewCell.xib */ = {isa = PBXFileReference; lastKnownFileType = file.xib; path = UserTableViewCell.xib; sourceTree = "<group>"; };
		047BAF1F21CE7DCB00EAE1F7 /* RoundButton.swift */ = {isa = PBXFileReference; lastKnownFileType = sourcecode.swift; path = RoundButton.swift; sourceTree = "<group>"; };
		047BAF2121CE7F8E00EAE1F7 /* ViewExtension.swift */ = {isa = PBXFileReference; lastKnownFileType = sourcecode.swift; path = ViewExtension.swift; sourceTree = "<group>"; };
		047BAF2421CF4A5800EAE1F7 /* DoodleCoreData.xcdatamodel */ = {isa = PBXFileReference; lastKnownFileType = wrapper.xcdatamodel; path = DoodleCoreData.xcdatamodel; sourceTree = "<group>"; };
/* End PBXFileReference section */

/* Begin PBXFrameworksBuildPhase section */
		047BAEFA21CDF2C500EAE1F7 /* Frameworks */ = {
			isa = PBXFrameworksBuildPhase;
			buildActionMask = 2147483647;
			files = (
			);
			runOnlyForDeploymentPostprocessing = 0;
		};
/* End PBXFrameworksBuildPhase section */

/* Begin PBXGroup section */
		047BAEF421CDF2C500EAE1F7 = {
			isa = PBXGroup;
			children = (
				047BAEFF21CDF2C500EAE1F7 /* DoodleCoreData */,
				047BAEFE21CDF2C500EAE1F7 /* Products */,
			);
			sourceTree = "<group>";
		};
		047BAEFE21CDF2C500EAE1F7 /* Products */ = {
			isa = PBXGroup;
			children = (
				047BAEFD21CDF2C500EAE1F7 /* DoodleCoreData.app */,
			);
			name = Products;
			sourceTree = "<group>";
		};
		047BAEFF21CDF2C500EAE1F7 /* DoodleCoreData */ = {
			isa = PBXGroup;
			children = (
				047BAF2621CF596900EAE1F7 /* Controller */,
				047BAF1521CE744E00EAE1F7 /* View */,
				047BAF0021CDF2C500EAE1F7 /* AppDelegate.swift */,
				047BAF0421CDF2C500EAE1F7 /* Main.storyboard */,
				047BAF0A21CDF2C600EAE1F7 /* Assets.xcassets */,
				047BAF0C21CDF2C600EAE1F7 /* LaunchScreen.storyboard */,
				047BAF0F21CDF2C600EAE1F7 /* Info.plist */,
				047BAF2321CF4A5800EAE1F7 /* DoodleCoreData.xcdatamodeld */,
			);
			path = DoodleCoreData;
			sourceTree = "<group>";
		};
		047BAF1521CE744E00EAE1F7 /* View */ = {
			isa = PBXGroup;
			children = (
				047BAF1E21CE7DB100EAE1F7 /* UIKit */,
				047BAF1A21CE74E200EAE1F7 /* UserTableViewCell.swift */,
				047BAF1B21CE74E200EAE1F7 /* UserTableViewCell.xib */,
			);
			path = View;
			sourceTree = "<group>";
		};
		047BAF1E21CE7DB100EAE1F7 /* UIKit */ = {
			isa = PBXGroup;
			children = (
				047BAF1F21CE7DCB00EAE1F7 /* RoundButton.swift */,
				047BAF2121CE7F8E00EAE1F7 /* ViewExtension.swift */,
			);
			path = UIKit;
			sourceTree = "<group>";
		};
		047BAF2621CF596900EAE1F7 /* Controller */ = {
			isa = PBXGroup;
			children = (
				047BAF0221CDF2C500EAE1F7 /* ViewController.swift */,
			);
			path = Controller;
			sourceTree = "<group>";
		};
/* End PBXGroup section */

/* Begin PBXNativeTarget section */
		047BAEFC21CDF2C500EAE1F7 /* DoodleCoreData */ = {
			isa = PBXNativeTarget;
			buildConfigurationList = 047BAF1221CDF2C600EAE1F7 /* Build configuration list for PBXNativeTarget "DoodleCoreData" */;
			buildPhases = (
				047BAEF921CDF2C500EAE1F7 /* Sources */,
				047BAEFA21CDF2C500EAE1F7 /* Frameworks */,
				047BAEFB21CDF2C500EAE1F7 /* Resources */,
			);
			buildRules = (
			);
			dependencies = (
			);
			name = DoodleCoreData;
			productName = DoodleCoreData;
			productReference = 047BAEFD21CDF2C500EAE1F7 /* DoodleCoreData.app */;
			productType = "com.apple.product-type.application";
		};
/* End PBXNativeTarget section */

/* Begin PBXProject section */
		047BAEF521CDF2C500EAE1F7 /* Project object */ = {
			isa = PBXProject;
			attributes = {
				LastSwiftUpdateCheck = 0900;
				LastUpgradeCheck = 0900;
				ORGANIZATIONNAME = Atul;
				TargetAttributes = {
					047BAEFC21CDF2C500EAE1F7 = {
						CreatedOnToolsVersion = 9.0;
						ProvisioningStyle = Automatic;
					};
				};
			};
			buildConfigurationList = 047BAEF821CDF2C500EAE1F7 /* Build configuration list for PBXProject "DoodleCoreData" */;
			compatibilityVersion = "Xcode 8.0";
			developmentRegion = en;
			hasScannedForEncodings = 0;
			knownRegions = (
				en,
				Base,
			);
			mainGroup = 047BAEF421CDF2C500EAE1F7;
			productRefGroup = 047BAEFE21CDF2C500EAE1F7 /* Products */;
			projectDirPath = "";
			projectRoot = "";
			targets = (
				047BAEFC21CDF2C500EAE1F7 /* DoodleCoreData */,
			);
		};
/* End PBXProject section */

/* Begin PBXResourcesBuildPhase section */
		047BAEFB21CDF2C500EAE1F7 /* Resources */ = {
			isa = PBXResourcesBuildPhase;
			buildActionMask = 2147483647;
			files = (
				047BAF1D21CE74E200EAE1F7 /* UserTableViewCell.xib in Resources */,
				047BAF0E21CDF2C600EAE1F7 /* LaunchScreen.storyboard in Resources */,
				047BAF0B21CDF2C600EAE1F7 /* Assets.xcassets in Resources */,
				047BAF0621CDF2C500EAE1F7 /* Main.storyboard in Resources */,
			);
			runOnlyForDeploymentPostprocessing = 0;
		};
/* End PBXResourcesBuildPhase section */

/* Begin PBXSourcesBuildPhase section */
		047BAEF921CDF2C500EAE1F7 /* Sources */ = {
			isa = PBXSourcesBuildPhase;
			buildActionMask = 2147483647;
			files = (
				047BAF2221CE7F8E00EAE1F7 /* ViewExtension.swift in Sources */,
				047BAF1C21CE74E200EAE1F7 /* UserTableViewCell.swift in Sources */,
				047BAF2021CE7DCB00EAE1F7 /* RoundButton.swift in Sources */,
				047BAF0321CDF2C500EAE1F7 /* ViewController.swift in Sources */,
				047BAF0121CDF2C500EAE1F7 /* AppDelegate.swift in Sources */,
				047BAF2521CF4AB100EAE1F7 /* DoodleCoreData.xcdatamodeld in Sources */,
			);
			runOnlyForDeploymentPostprocessing = 0;
		};
/* End PBXSourcesBuildPhase section */

/* Begin PBXVariantGroup section */
		047BAF0421CDF2C500EAE1F7 /* Main.storyboard */ = {
			isa = PBXVariantGroup;
			children = (
				047BAF0521CDF2C500EAE1F7 /* Base */,
			);
			name = Main.storyboard;
			sourceTree = "<group>";
		};
		047BAF0C21CDF2C600EAE1F7 /* LaunchScreen.storyboard */ = {
			isa = PBXVariantGroup;
			children = (
				047BAF0D21CDF2C600EAE1F7 /* Base */,
			);
			name = LaunchScreen.storyboard;
			sourceTree = "<group>";
		};
/* End PBXVariantGroup section */

/* Begin XCBuildConfiguration section */
		047BAF1021CDF2C600EAE1F7 /* Debug */ = {
			isa = XCBuildConfiguration;
			buildSettings = {
				ALWAYS_SEARCH_USER_PATHS = NO;
				CLANG_ANALYZER_NONNULL = YES;
				CLANG_ANALYZER_NUMBER_OBJECT_CONVERSION = YES_AGGRESSIVE;
				CLANG_CXX_LANGUAGE_STANDARD = "gnu++14";
				CLANG_CXX_LIBRARY = "libc++";
				CLANG_ENABLE_MODULES = YES;
				CLANG_ENABLE_OBJC_ARC = YES;
				CLANG_WARN_BLOCK_CAPTURE_AUTORELEASING = YES;
				CLANG_WARN_BOOL_CONVERSION = YES;
				CLANG_WARN_COMMA = YES;
				CLANG_WARN_CONSTANT_CONVERSION = YES;
				CLANG_WARN_DIRECT_OBJC_ISA_USAGE = YES_ERROR;
				CLANG_WARN_DOCUMENTATION_COMMENTS = YES;
				CLANG_WARN_EMPTY_BODY = YES;
				CLANG_WARN_ENUM_CONVERSION = YES;
				CLANG_WARN_INFINITE_RECURSION = YES;
				CLANG_WARN_INT_CONVERSION = YES;
				CLANG_WARN_NON_LITERAL_NULL_CONVERSION = YES;
				CLANG_WARN_OBJC_LITERAL_CONVERSION = YES;
				CLANG_WARN_OBJC_ROOT_CLASS = YES_ERROR;
				CLANG_WARN_RANGE_LOOP_ANALYSIS = YES;
				CLANG_WARN_STRICT_PROTOTYPES = YES;
				CLANG_WARN_SUSPICIOUS_MOVE = YES;
				CLANG_WARN_UNGUARDED_AVAILABILITY = YES_AGGRESSIVE;
				CLANG_WARN_UNREACHABLE_CODE = YES;
				CLANG_WARN__DUPLICATE_METHOD_MATCH = YES;
				CODE_SIGN_IDENTITY = "iPhone Developer";
				COPY_PHASE_STRIP = NO;
				DEBUG_INFORMATION_FORMAT = dwarf;
				ENABLE_STRICT_OBJC_MSGSEND = YES;
				ENABLE_TESTABILITY = YES;
				GCC_C_LANGUAGE_STANDARD = gnu11;
				GCC_DYNAMIC_NO_PIC = NO;
				GCC_NO_COMMON_BLOCKS = YES;
				GCC_OPTIMIZATION_LEVEL = 0;
				GCC_PREPROCESSOR_DEFINITIONS = (
					"DEBUG=1",
					"$(inherited)",
				);
				GCC_WARN_64_TO_32_BIT_CONVERSION = YES;
				GCC_WARN_ABOUT_RETURN_TYPE = YES_ERROR;
				GCC_WARN_UNDECLARED_SELECTOR = YES;
				GCC_WARN_UNINITIALIZED_AUTOS = YES_AGGRESSIVE;
				GCC_WARN_UNUSED_FUNCTION = YES;
				GCC_WARN_UNUSED_VARIABLE = YES;
				IPHONEOS_DEPLOYMENT_TARGET = 11.0;
				MTL_ENABLE_DEBUG_INFO = YES;
				ONLY_ACTIVE_ARCH = YES;
				SDKROOT = iphoneos;
				SWIFT_ACTIVE_COMPILATION_CONDITIONS = DEBUG;
				SWIFT_OPTIMIZATION_LEVEL = "-Onone";
			};
			name = Debug;
		};
		047BAF1121CDF2C600EAE1F7 /* Release */ = {
			isa = XCBuildConfiguration;
			buildSettings = {
				ALWAYS_SEARCH_USER_PATHS = NO;
				CLANG_ANALYZER_NONNULL = YES;
				CLANG_ANALYZER_NUMBER_OBJECT_CONVERSION = YES_AGGRESSIVE;
				CLANG_CXX_LANGUAGE_STANDARD = "gnu++14";
				CLANG_CXX_LIBRARY = "libc++";
				CLANG_ENABLE_MODULES = YES;
				CLANG_ENABLE_OBJC_ARC = YES;
				CLANG_WARN_BLOCK_CAPTURE_AUTORELEASING = YES;
				CLANG_WARN_BOOL_CONVERSION = YES;
				CLANG_WARN_COMMA = YES;
				CLANG_WARN_CONSTANT_CONVERSION = YES;
				CLANG_WARN_DIRECT_OBJC_ISA_USAGE = YES_ERROR;
				CLANG_WARN_DOCUMENTATION_COMMENTS = YES;
				CLANG_WARN_EMPTY_BODY = YES;
				CLANG_WARN_ENUM_CONVERSION = YES;
				CLANG_WARN_INFINITE_RECURSION = YES;
				CLANG_WARN_INT_CONVERSION = YES;
				CLANG_WARN_NON_LITERAL_NULL_CONVERSION = YES;
				CLANG_WARN_OBJC_LITERAL_CONVERSION = YES;
				CLANG_WARN_OBJC_ROOT_CLASS = YES_ERROR;
				CLANG_WARN_RANGE_LOOP_ANALYSIS = YES;
				CLANG_WARN_STRICT_PROTOTYPES = YES;
				CLANG_WARN_SUSPICIOUS_MOVE = YES;
				CLANG_WARN_UNGUARDED_AVAILABILITY = YES_AGGRESSIVE;
				CLANG_WARN_UNREACHABLE_CODE = YES;
				CLANG_WARN__DUPLICATE_METHOD_MATCH = YES;
				CODE_SIGN_IDENTITY = "iPhone Developer";
				COPY_PHASE_STRIP = NO;
				DEBUG_INFORMATION_FORMAT = "dwarf-with-dsym";
				ENABLE_NS_ASSERTIONS = NO;
				ENABLE_STRICT_OBJC_MSGSEND = YES;
				GCC_C_LANGUAGE_STANDARD = gnu11;
				GCC_NO_COMMON_BLOCKS = YES;
				GCC_WARN_64_TO_32_BIT_CONVERSION = YES;
				GCC_WARN_ABOUT_RETURN_TYPE = YES_ERROR;
				GCC_WARN_UNDECLARED_SELECTOR = YES;
				GCC_WARN_UNINITIALIZED_AUTOS = YES_AGGRESSIVE;
				GCC_WARN_UNUSED_FUNCTION = YES;
				GCC_WARN_UNUSED_VARIABLE = YES;
				IPHONEOS_DEPLOYMENT_TARGET = 11.0;
				MTL_ENABLE_DEBUG_INFO = NO;
				SDKROOT = iphoneos;
				SWIFT_OPTIMIZATION_LEVEL = "-Owholemodule";
				VALIDATE_PRODUCT = YES;
			};
			name = Release;
		};
		047BAF1321CDF2C600EAE1F7 /* Debug */ = {
			isa = XCBuildConfiguration;
			buildSettings = {
				ASSETCATALOG_COMPILER_APPICON_NAME = AppIcon;
				CODE_SIGN_STYLE = Automatic;
				DEVELOPMENT_TEAM = 47P77YSAZ5;
				INFOPLIST_FILE = DoodleCoreData/Info.plist;
				LD_RUNPATH_SEARCH_PATHS = "$(inherited) @executable_path/Frameworks";
				PRODUCT_BUNDLE_IDENTIFIER = Self.DoodleCoreData;
				PRODUCT_NAME = "$(TARGET_NAME)";
				SWIFT_VERSION = 4.0;
				TARGETED_DEVICE_FAMILY = "1,2";
			};
			name = Debug;
		};
		047BAF1421CDF2C600EAE1F7 /* Release */ = {
			isa = XCBuildConfiguration;
			buildSettings = {
				ASSETCATALOG_COMPILER_APPICON_NAME = AppIcon;
				CODE_SIGN_STYLE = Automatic;
				DEVELOPMENT_TEAM = 47P77YSAZ5;
				INFOPLIST_FILE = DoodleCoreData/Info.plist;
				LD_RUNPATH_SEARCH_PATHS = "$(inherited) @executable_path/Frameworks";
				PRODUCT_BUNDLE_IDENTIFIER = Self.DoodleCoreData;
				PRODUCT_NAME = "$(TARGET_NAME)";
				SWIFT_VERSION = 4.0;
				TARGETED_DEVICE_FAMILY = "1,2";
			};
			name = Release;
		};
/* End XCBuildConfiguration section */

/* Begin XCConfigurationList section */
		047BAEF821CDF2C500EAE1F7 /* Build configuration list for PBXProject "DoodleCoreData" */ = {
			isa = XCConfigurationList;
			buildConfigurations = (
				047BAF1021CDF2C600EAE1F7 /* Debug */,
				047BAF1121CDF2C600EAE1F7 /* Release */,
			);
			defaultConfigurationIsVisible = 0;
			defaultConfigurationName = Release;
		};
		047BAF1221CDF2C600EAE1F7 /* Build configuration list for PBXNativeTarget "DoodleCoreData" */ = {
			isa = XCConfigurationList;
			buildConfigurations = (
				047BAF1321CDF2C600EAE1F7 /* Debug */,
				047BAF1421CDF2C600EAE1F7 /* Release */,
			);
			defaultConfigurationIsVisible = 0;
			defaultConfigurationName = Release;
		};
/* End XCConfigurationList section */

/* Begin XCVersionGroup section */
		047BAF2321CF4A5800EAE1F7 /* DoodleCoreData.xcdatamodeld */ = {
			isa = XCVersionGroup;
			children = (
				047BAF2421CF4A5800EAE1F7 /* DoodleCoreData.xcdatamodel */,
			);
			currentVersion = 047BAF2421CF4A5800EAE1F7 /* DoodleCoreData.xcdatamodel */;
			path = DoodleCoreData.xcdatamodeld;
			sourceTree = "<group>";
			versionGroupType = wrapper.xcdatamodel;
		};
/* End XCVersionGroup section */
	};
	rootObject = 047BAEF521CDF2C500EAE1F7 /* Project object */;
}
